{
<<<<<<< HEAD
=======
<<<<<<< HEAD
  "name": "office-inventory-demo-api",
  "version": "1.0.0",
  "lockfileVersion": 3,
  "requires": true,
  "packages": {
    "": {
      "name": "office-inventory-demo-api",
      "version": "1.0.0",
      "license": "MIT",
      "devDependencies": {
        "typescript": "^5.5.4"
      }
    },
    "node_modules/typescript": {
      "version": "5.5.4",
      "resolved": "https://registry.npmjs.org/typescript/-/typescript-5.5.4.tgz",
      "integrity": "sha512-Mtq29sKDAEYP7aljRgtPOpTvOfbwRWlS6dPRzwjdE+C0R4brX/GUyhHSecbHMFLNBLcJIPt9nl9yG5TZ1weH+Q==",
      "dev": true,
      "license": "Apache-2.0",
      "bin": {
        "tsc": "bin/tsc",
        "tsserver": "bin/tsserver"
      },
      "engines": {
        "node": ">=14.17"
      }
    }
  }
=======
>>>>>>> 9fcaf798e6d9ab818c1387467b7bc55ed68f7503
  "name": "OFFICE-INVENTORY-DEMO-API-",
  "lockfileVersion": 3,
  "requires": true,
  "packages": {}
<<<<<<< HEAD
=======
>>>>>>> c1a2108e5f12da253523700ba24fc0900734690b
>>>>>>> 9fcaf798e6d9ab818c1387467b7bc55ed68f7503
}
